// !$*UTF8*$!
{
	archiveVersion = 1;
	classes = {
	};
	objectVersion = 50;
	objects = {

/* Begin PBXBuildFile section */
		07EBE12D226466C8001480F8 /* AppDelegate.swift in Sources */ = {isa = PBXBuildFile; fileRef = 07EBE12C226466C8001480F8 /* AppDelegate.swift */; };
		07EBE134226466C9001480F8 /* Assets.xcassets in Resources */ = {isa = PBXBuildFile; fileRef = 07EBE133226466C9001480F8 /* Assets.xcassets */; };
		07EBE142226466C9001480F8 /* photoViewerTests.swift in Sources */ = {isa = PBXBuildFile; fileRef = 07EBE141226466C9001480F8 /* photoViewerTests.swift */; };
		07EBE14E226468A1001480F8 /* AppCoordinator.swift in Sources */ = {isa = PBXBuildFile; fileRef = 07EBE14D226468A1001480F8 /* AppCoordinator.swift */; };
		07EBE165226468AC001480F8 /* MVVM.swift in Sources */ = {isa = PBXBuildFile; fileRef = 07EBE150226468AC001480F8 /* MVVM.swift */; };
		07EBE166226468AC001480F8 /* AppError.swift in Sources */ = {isa = PBXBuildFile; fileRef = 07EBE151226468AC001480F8 /* AppError.swift */; };
		07EBE16A226468AC001480F8 /* BaseMVVMViewController.swift in Sources */ = {isa = PBXBuildFile; fileRef = 07EBE158226468AC001480F8 /* BaseMVVMViewController.swift */; };
		07EBE16B226468AC001480F8 /* BaseMVVMViewModel.swift in Sources */ = {isa = PBXBuildFile; fileRef = 07EBE159226468AC001480F8 /* BaseMVVMViewModel.swift */; };
		07EBE16C226468AC001480F8 /* BaseMVVMCoordinator.swift in Sources */ = {isa = PBXBuildFile; fileRef = 07EBE15A226468AC001480F8 /* BaseMVVMCoordinator.swift */; };
		07EBE16D226468AC001480F8 /* BaseMVVMTabViewController.swift in Sources */ = {isa = PBXBuildFile; fileRef = 07EBE15B226468AC001480F8 /* BaseMVVMTabViewController.swift */; };
		07EBE18C226468BA001480F8 /* Loc.strings in Resources */ = {isa = PBXBuildFile; fileRef = 07EBE17A226468BA001480F8 /* Loc.strings */; };
		07EBE18D226468BA001480F8 /* LaunchScreen.storyboard in Resources */ = {isa = PBXBuildFile; fileRef = 07EBE17B226468BA001480F8 /* LaunchScreen.storyboard */; };
		07EBE19722646BC3001480F8 /* photoViewerXCTestCaseBase.swift in Sources */ = {isa = PBXBuildFile; fileRef = 07EBE19622646BC3001480F8 /* photoViewerXCTestCaseBase.swift */; };
		07EBE19D2264705D001480F8 /* XCGLogger+mv.swift in Sources */ = {isa = PBXBuildFile; fileRef = 07EBE1992264705D001480F8 /* XCGLogger+mv.swift */; };
		07EBE19F2264705D001480F8 /* URL+mv.swift in Sources */ = {isa = PBXBuildFile; fileRef = 07EBE19B2264705D001480F8 /* URL+mv.swift */; };
		07EBE1A02264705D001480F8 /* UIViewController+mv.swift in Sources */ = {isa = PBXBuildFile; fileRef = 07EBE19C2264705D001480F8 /* UIViewController+mv.swift */; };
		07EBE1A522647072001480F8 /* BaseSettings.swift in Sources */ = {isa = PBXBuildFile; fileRef = 07EBE1A222647072001480F8 /* BaseSettings.swift */; };
		07EBE1A622647072001480F8 /* Settings.swift in Sources */ = {isa = PBXBuildFile; fileRef = 07EBE1A422647072001480F8 /* Settings.swift */; };
		07EBE1AA22647086001480F8 /* Loc.strings in Resources */ = {isa = PBXBuildFile; fileRef = 07EBE1A822647086001480F8 /* Loc.strings */; };
		07EBE1AB22647086001480F8 /* LaunchScreen.storyboard in Resources */ = {isa = PBXBuildFile; fileRef = 07EBE1A922647086001480F8 /* LaunchScreen.storyboard */; };
		07EBE1B6226470A4001480F8 /* ItemCell.swift in Sources */ = {isa = PBXBuildFile; fileRef = 07EBE1AE226470A4001480F8 /* ItemCell.swift */; };
		07EBE1B7226470A4001480F8 /* PhotosListViewModel.swift in Sources */ = {isa = PBXBuildFile; fileRef = 07EBE1AF226470A4001480F8 /* PhotosListViewModel.swift */; };
		07EBE1B8226470A4001480F8 /* PhotosListCoordinator.swift in Sources */ = {isa = PBXBuildFile; fileRef = 07EBE1B0226470A4001480F8 /* PhotosListCoordinator.swift */; };
		07EBE1B9226470A4001480F8 /* PhotosListViewController.swift in Sources */ = {isa = PBXBuildFile; fileRef = 07EBE1B1226470A4001480F8 /* PhotosListViewController.swift */; };
		07EBE1C1226470C7001480F8 /* AppManagers.swift in Sources */ = {isa = PBXBuildFile; fileRef = 07EBE1BE226470C7001480F8 /* AppManagers.swift */; };
		07EBE1C2226470C7001480F8 /* AppManagersConsumer.swift in Sources */ = {isa = PBXBuildFile; fileRef = 07EBE1BF226470C7001480F8 /* AppManagersConsumer.swift */; };
		07EBE1C3226470C7001480F8 /* RESTManager.swift in Sources */ = {isa = PBXBuildFile; fileRef = 07EBE1C0226470C7001480F8 /* RESTManager.swift */; };
		07EBE1C5226470DB001480F8 /* R.generated.swift in Sources */ = {isa = PBXBuildFile; fileRef = 07EBE1C4226470DB001480F8 /* R.generated.swift */; };
		07EBE1CA22648643001480F8 /* Photo.swift in Sources */ = {isa = PBXBuildFile; fileRef = 07EBE1C922648643001480F8 /* Photo.swift */; };
		07EBE1D62264AB11001480F8 /* ItemViewController.swift in Sources */ = {isa = PBXBuildFile; fileRef = 07EBE1D32264AB11001480F8 /* ItemViewController.swift */; };
		07EBE1D72264AB11001480F8 /* ItemCoordinator.swift in Sources */ = {isa = PBXBuildFile; fileRef = 07EBE1D42264AB11001480F8 /* ItemCoordinator.swift */; };
		07EBE1D82264AB11001480F8 /* ItemViewModel.swift in Sources */ = {isa = PBXBuildFile; fileRef = 07EBE1D52264AB11001480F8 /* ItemViewModel.swift */; };
		9DCC82B8C907A7295B4D08CD /* Pods_photoViewerTests.framework in Frameworks */ = {isa = PBXBuildFile; fileRef = F5E7A506FDCCB538389B8C67 /* Pods_photoViewerTests.framework */; };
		DE9666A48BCDEE541F7017B0 /* Pods_photoViewer.framework in Frameworks */ = {isa = PBXBuildFile; fileRef = C037A0003A1AE38CF01C736A /* Pods_photoViewer.framework */; };
/* End PBXBuildFile section */

/* Begin PBXContainerItemProxy section */
		07EBE13E226466C9001480F8 /* PBXContainerItemProxy */ = {
			isa = PBXContainerItemProxy;
			containerPortal = 07EBE121226466C8001480F8 /* Project object */;
			proxyType = 1;
			remoteGlobalIDString = 07EBE128226466C8001480F8;
			remoteInfo = photoViewer;
		};
/* End PBXContainerItemProxy section */

/* Begin PBXFileReference section */
		050919FA1C33DEBC8203CF6C /* Pods-photoViewer.release.xcconfig */ = {isa = PBXFileReference; includeInIndex = 1; lastKnownFileType = text.xcconfig; name = "Pods-photoViewer.release.xcconfig"; path = "Pods/Target Support Files/Pods-photoViewer/Pods-photoViewer.release.xcconfig"; sourceTree = "<group>"; };
		07EBE129226466C8001480F8 /* photoViewer.app */ = {isa = PBXFileReference; explicitFileType = wrapper.application; includeInIndex = 0; path = photoViewer.app; sourceTree = BUILT_PRODUCTS_DIR; };
		07EBE12C226466C8001480F8 /* AppDelegate.swift */ = {isa = PBXFileReference; lastKnownFileType = sourcecode.swift; path = AppDelegate.swift; sourceTree = "<group>"; };
		07EBE133226466C9001480F8 /* Assets.xcassets */ = {isa = PBXFileReference; lastKnownFileType = folder.assetcatalog; path = Assets.xcassets; sourceTree = "<group>"; };
		07EBE138226466C9001480F8 /* Info.plist */ = {isa = PBXFileReference; lastKnownFileType = text.plist.xml; path = Info.plist; sourceTree = "<group>"; };
		07EBE13D226466C9001480F8 /* photoViewerTests.xctest */ = {isa = PBXFileReference; explicitFileType = wrapper.cfbundle; includeInIndex = 0; path = photoViewerTests.xctest; sourceTree = BUILT_PRODUCTS_DIR; };
		07EBE141226466C9001480F8 /* photoViewerTests.swift */ = {isa = PBXFileReference; lastKnownFileType = sourcecode.swift; path = photoViewerTests.swift; sourceTree = "<group>"; };
		07EBE143226466CA001480F8 /* Info.plist */ = {isa = PBXFileReference; lastKnownFileType = text.plist.xml; path = Info.plist; sourceTree = "<group>"; };
		07EBE14D226468A1001480F8 /* AppCoordinator.swift */ = {isa = PBXFileReference; fileEncoding = 4; lastKnownFileType = sourcecode.swift; path = AppCoordinator.swift; sourceTree = "<group>"; };
		07EBE150226468AC001480F8 /* MVVM.swift */ = {isa = PBXFileReference; fileEncoding = 4; lastKnownFileType = sourcecode.swift; path = MVVM.swift; sourceTree = "<group>"; };
		07EBE151226468AC001480F8 /* AppError.swift */ = {isa = PBXFileReference; fileEncoding = 4; lastKnownFileType = sourcecode.swift; path = AppError.swift; sourceTree = "<group>"; };
		07EBE158226468AC001480F8 /* BaseMVVMViewController.swift */ = {isa = PBXFileReference; fileEncoding = 4; lastKnownFileType = sourcecode.swift; path = BaseMVVMViewController.swift; sourceTree = "<group>"; };
		07EBE159226468AC001480F8 /* BaseMVVMViewModel.swift */ = {isa = PBXFileReference; fileEncoding = 4; lastKnownFileType = sourcecode.swift; path = BaseMVVMViewModel.swift; sourceTree = "<group>"; };
		07EBE15A226468AC001480F8 /* BaseMVVMCoordinator.swift */ = {isa = PBXFileReference; fileEncoding = 4; lastKnownFileType = sourcecode.swift; path = BaseMVVMCoordinator.swift; sourceTree = "<group>"; };
		07EBE15B226468AC001480F8 /* BaseMVVMTabViewController.swift */ = {isa = PBXFileReference; fileEncoding = 4; lastKnownFileType = sourcecode.swift; path = BaseMVVMTabViewController.swift; sourceTree = "<group>"; };
		07EBE17A226468BA001480F8 /* Loc.strings */ = {isa = PBXFileReference; fileEncoding = 4; lastKnownFileType = text.plist.strings; path = Loc.strings; sourceTree = "<group>"; };
		07EBE17B226468BA001480F8 /* LaunchScreen.storyboard */ = {isa = PBXFileReference; fileEncoding = 4; lastKnownFileType = file.storyboard; path = LaunchScreen.storyboard; sourceTree = "<group>"; };
		07EBE19622646BC3001480F8 /* photoViewerXCTestCaseBase.swift */ = {isa = PBXFileReference; fileEncoding = 4; lastKnownFileType = sourcecode.swift; path = photoViewerXCTestCaseBase.swift; sourceTree = "<group>"; };
		07EBE1992264705D001480F8 /* XCGLogger+mv.swift */ = {isa = PBXFileReference; fileEncoding = 4; lastKnownFileType = sourcecode.swift; path = "XCGLogger+mv.swift"; sourceTree = "<group>"; };
		07EBE19B2264705D001480F8 /* URL+mv.swift */ = {isa = PBXFileReference; fileEncoding = 4; lastKnownFileType = sourcecode.swift; path = "URL+mv.swift"; sourceTree = "<group>"; };
		07EBE19C2264705D001480F8 /* UIViewController+mv.swift */ = {isa = PBXFileReference; fileEncoding = 4; lastKnownFileType = sourcecode.swift; path = "UIViewController+mv.swift"; sourceTree = "<group>"; };
		07EBE1A222647072001480F8 /* BaseSettings.swift */ = {isa = PBXFileReference; fileEncoding = 4; lastKnownFileType = sourcecode.swift; path = BaseSettings.swift; sourceTree = "<group>"; };
		07EBE1A422647072001480F8 /* Settings.swift */ = {isa = PBXFileReference; fileEncoding = 4; lastKnownFileType = sourcecode.swift; path = Settings.swift; sourceTree = "<group>"; };
		07EBE1A822647086001480F8 /* Loc.strings */ = {isa = PBXFileReference; fileEncoding = 4; lastKnownFileType = text.plist.strings; path = Loc.strings; sourceTree = "<group>"; };
		07EBE1A922647086001480F8 /* LaunchScreen.storyboard */ = {isa = PBXFileReference; fileEncoding = 4; lastKnownFileType = file.storyboard; path = LaunchScreen.storyboard; sourceTree = "<group>"; };
		07EBE1AE226470A4001480F8 /* ItemCell.swift */ = {isa = PBXFileReference; fileEncoding = 4; lastKnownFileType = sourcecode.swift; path = ItemCell.swift; sourceTree = "<group>"; };
		07EBE1AF226470A4001480F8 /* PhotosListViewModel.swift */ = {isa = PBXFileReference; fileEncoding = 4; lastKnownFileType = sourcecode.swift; path = PhotosListViewModel.swift; sourceTree = "<group>"; };
		07EBE1B0226470A4001480F8 /* PhotosListCoordinator.swift */ = {isa = PBXFileReference; fileEncoding = 4; lastKnownFileType = sourcecode.swift; path = PhotosListCoordinator.swift; sourceTree = "<group>"; };
		07EBE1B1226470A4001480F8 /* PhotosListViewController.swift */ = {isa = PBXFileReference; fileEncoding = 4; lastKnownFileType = sourcecode.swift; path = PhotosListViewController.swift; sourceTree = "<group>"; };
		07EBE1BE226470C7001480F8 /* AppManagers.swift */ = {isa = PBXFileReference; fileEncoding = 4; lastKnownFileType = sourcecode.swift; path = AppManagers.swift; sourceTree = "<group>"; };
		07EBE1BF226470C7001480F8 /* AppManagersConsumer.swift */ = {isa = PBXFileReference; fileEncoding = 4; lastKnownFileType = sourcecode.swift; path = AppManagersConsumer.swift; sourceTree = "<group>"; };
		07EBE1C0226470C7001480F8 /* RESTManager.swift */ = {isa = PBXFileReference; fileEncoding = 4; lastKnownFileType = sourcecode.swift; path = RESTManager.swift; sourceTree = "<group>"; };
		07EBE1C4226470DB001480F8 /* R.generated.swift */ = {isa = PBXFileReference; fileEncoding = 4; lastKnownFileType = sourcecode.swift; path = R.generated.swift; sourceTree = "<group>"; };
		07EBE1C922648643001480F8 /* Photo.swift */ = {isa = PBXFileReference; fileEncoding = 4; lastKnownFileType = sourcecode.swift; path = Photo.swift; sourceTree = "<group>"; };
		07EBE1D32264AB11001480F8 /* ItemViewController.swift */ = {isa = PBXFileReference; fileEncoding = 4; lastKnownFileType = sourcecode.swift; path = ItemViewController.swift; sourceTree = "<group>"; };
		07EBE1D42264AB11001480F8 /* ItemCoordinator.swift */ = {isa = PBXFileReference; fileEncoding = 4; lastKnownFileType = sourcecode.swift; path = ItemCoordinator.swift; sourceTree = "<group>"; };
		07EBE1D52264AB11001480F8 /* ItemViewModel.swift */ = {isa = PBXFileReference; fileEncoding = 4; lastKnownFileType = sourcecode.swift; path = ItemViewModel.swift; sourceTree = "<group>"; };
		B5FB0A892A6A6644AFE78143 /* Pods-photoViewerTests.release.xcconfig */ = {isa = PBXFileReference; includeInIndex = 1; lastKnownFileType = text.xcconfig; name = "Pods-photoViewerTests.release.xcconfig"; path = "Pods/Target Support Files/Pods-photoViewerTests/Pods-photoViewerTests.release.xcconfig"; sourceTree = "<group>"; };
		BAFE457CD474AE84B605ECF4 /* Pods-photoViewerTests.debug.xcconfig */ = {isa = PBXFileReference; includeInIndex = 1; lastKnownFileType = text.xcconfig; name = "Pods-photoViewerTests.debug.xcconfig"; path = "Pods/Target Support Files/Pods-photoViewerTests/Pods-photoViewerTests.debug.xcconfig"; sourceTree = "<group>"; };
		C037A0003A1AE38CF01C736A /* Pods_photoViewer.framework */ = {isa = PBXFileReference; explicitFileType = wrapper.framework; includeInIndex = 0; path = Pods_photoViewer.framework; sourceTree = BUILT_PRODUCTS_DIR; };
		C2CCC01B51CB2C1912774A96 /* Pods-photoViewer.debug.xcconfig */ = {isa = PBXFileReference; includeInIndex = 1; lastKnownFileType = text.xcconfig; name = "Pods-photoViewer.debug.xcconfig"; path = "Pods/Target Support Files/Pods-photoViewer/Pods-photoViewer.debug.xcconfig"; sourceTree = "<group>"; };
		F5E7A506FDCCB538389B8C67 /* Pods_photoViewerTests.framework */ = {isa = PBXFileReference; explicitFileType = wrapper.framework; includeInIndex = 0; path = Pods_photoViewerTests.framework; sourceTree = BUILT_PRODUCTS_DIR; };
/* End PBXFileReference section */

/* Begin PBXFrameworksBuildPhase section */
		07EBE126226466C8001480F8 /* Frameworks */ = {
			isa = PBXFrameworksBuildPhase;
			buildActionMask = 2147483647;
			files = (
				DE9666A48BCDEE541F7017B0 /* Pods_photoViewer.framework in Frameworks */,
			);
			runOnlyForDeploymentPostprocessing = 0;
		};
		07EBE13A226466C9001480F8 /* Frameworks */ = {
			isa = PBXFrameworksBuildPhase;
			buildActionMask = 2147483647;
			files = (
				9DCC82B8C907A7295B4D08CD /* Pods_photoViewerTests.framework in Frameworks */,
			);
			runOnlyForDeploymentPostprocessing = 0;
		};
/* End PBXFrameworksBuildPhase section */

/* Begin PBXGroup section */
		07EBE120226466C8001480F8 = {
			isa = PBXGroup;
			children = (
				07EBE12B226466C8001480F8 /* photoViewer */,
				07EBE140226466C9001480F8 /* photoViewerTests */,
				07EBE12A226466C8001480F8 /* Products */,
				12CBA4CC9E284A9ED7329292 /* Pods */,
				85696C9F4570E229F2F95928 /* Frameworks */,
			);
			sourceTree = "<group>";
		};
		07EBE12A226466C8001480F8 /* Products */ = {
			isa = PBXGroup;
			children = (
				07EBE129226466C8001480F8 /* photoViewer.app */,
				07EBE13D226466C9001480F8 /* photoViewerTests.xctest */,
			);
			name = Products;
			sourceTree = "<group>";
		};
		07EBE12B226466C8001480F8 /* photoViewer */ = {
			isa = PBXGroup;
			children = (
				07EBE1C6226470F4001480F8 /* Models */,
				07EBE1BD226470C7001480F8 /* Managers */,
				07EBE1A722647086001480F8 /* Misc */,
				07EBE1A122647072001480F8 /* Environment */,
				07EBE1982264705D001480F8 /* Extensions */,
				07EBE179226468BA001480F8 /* Misc */,
				07EBE14F226468AC001480F8 /* Common */,
				07EBE1AC226470A4001480F8 /* Scenes */,
				07EBE14D226468A1001480F8 /* AppCoordinator.swift */,
				07EBE12C226466C8001480F8 /* AppDelegate.swift */,
				07EBE1C4226470DB001480F8 /* R.generated.swift */,
				07EBE133226466C9001480F8 /* Assets.xcassets */,
				07EBE138226466C9001480F8 /* Info.plist */,
			);
			path = photoViewer;
			sourceTree = "<group>";
		};
		07EBE140226466C9001480F8 /* photoViewerTests */ = {
			isa = PBXGroup;
			children = (
				07EBE19622646BC3001480F8 /* photoViewerXCTestCaseBase.swift */,
				07EBE141226466C9001480F8 /* photoViewerTests.swift */,
				07EBE143226466CA001480F8 /* Info.plist */,
			);
			path = photoViewerTests;
			sourceTree = "<group>";
		};
		07EBE14F226468AC001480F8 /* Common */ = {
			isa = PBXGroup;
			children = (
				07EBE150226468AC001480F8 /* MVVM.swift */,
				07EBE151226468AC001480F8 /* AppError.swift */,
				07EBE157226468AC001480F8 /* MVVM */,
			);
			path = Common;
			sourceTree = "<group>";
		};
		07EBE157226468AC001480F8 /* MVVM */ = {
			isa = PBXGroup;
			children = (
				07EBE158226468AC001480F8 /* BaseMVVMViewController.swift */,
				07EBE159226468AC001480F8 /* BaseMVVMViewModel.swift */,
				07EBE15A226468AC001480F8 /* BaseMVVMCoordinator.swift */,
				07EBE15B226468AC001480F8 /* BaseMVVMTabViewController.swift */,
			);
			path = MVVM;
			sourceTree = "<group>";
		};
		07EBE179226468BA001480F8 /* Misc */ = {
			isa = PBXGroup;
			children = (
				07EBE17A226468BA001480F8 /* Loc.strings */,
				07EBE17B226468BA001480F8 /* LaunchScreen.storyboard */,
			);
			path = Misc;
			sourceTree = "<group>";
		};
		07EBE1982264705D001480F8 /* Extensions */ = {
			isa = PBXGroup;
			children = (
				07EBE1992264705D001480F8 /* XCGLogger+mv.swift */,
				07EBE19B2264705D001480F8 /* URL+mv.swift */,
				07EBE19C2264705D001480F8 /* UIViewController+mv.swift */,
			);
			path = Extensions;
			sourceTree = "<group>";
		};
		07EBE1A122647072001480F8 /* Environment */ = {
			isa = PBXGroup;
			children = (
				07EBE1A222647072001480F8 /* BaseSettings.swift */,
				07EBE1A322647072001480F8 /* Dev */,
			);
			path = Environment;
			sourceTree = "<group>";
		};
		07EBE1A322647072001480F8 /* Dev */ = {
			isa = PBXGroup;
			children = (
				07EBE1A422647072001480F8 /* Settings.swift */,
			);
			path = Dev;
			sourceTree = "<group>";
		};
		07EBE1A722647086001480F8 /* Misc */ = {
			isa = PBXGroup;
			children = (
				07EBE1A822647086001480F8 /* Loc.strings */,
				07EBE1A922647086001480F8 /* LaunchScreen.storyboard */,
			);
			path = Misc;
			sourceTree = "<group>";
		};
		07EBE1AC226470A4001480F8 /* Scenes */ = {
			isa = PBXGroup;
			children = (
				07EBE1D22264AB11001480F8 /* Photo */,
				07EBE1AD226470A4001480F8 /* PhotosList */,
			);
			path = Scenes;
			sourceTree = "<group>";
		};
		07EBE1AD226470A4001480F8 /* PhotosList */ = {
			isa = PBXGroup;
			children = (
				07EBE1B0226470A4001480F8 /* PhotosListCoordinator.swift */,
				07EBE1AE226470A4001480F8 /* ItemCell.swift */,
				07EBE1B1226470A4001480F8 /* PhotosListViewController.swift */,
				07EBE1AF226470A4001480F8 /* PhotosListViewModel.swift */,
			);
			path = PhotosList;
			sourceTree = "<group>";
		};
		07EBE1BD226470C7001480F8 /* Managers */ = {
			isa = PBXGroup;
			children = (
				07EBE1BE226470C7001480F8 /* AppManagers.swift */,
				07EBE1BF226470C7001480F8 /* AppManagersConsumer.swift */,
				07EBE1C0226470C7001480F8 /* RESTManager.swift */,
			);
			path = Managers;
			sourceTree = "<group>";
		};
		07EBE1C6226470F4001480F8 /* Models */ = {
			isa = PBXGroup;
			children = (
				07EBE1C922648643001480F8 /* Photo.swift */,
			);
			path = Models;
			sourceTree = "<group>";
		};
		07EBE1D22264AB11001480F8 /* Photo */ = {
			isa = PBXGroup;
			children = (
				07EBE1D42264AB11001480F8 /* ItemCoordinator.swift */,
				07EBE1D32264AB11001480F8 /* ItemViewController.swift */,
				07EBE1D52264AB11001480F8 /* ItemViewModel.swift */,
			);
			path = Photo;
			sourceTree = "<group>";
		};
		12CBA4CC9E284A9ED7329292 /* Pods */ = {
			isa = PBXGroup;
			children = (
				C2CCC01B51CB2C1912774A96 /* Pods-photoViewer.debug.xcconfig */,
				050919FA1C33DEBC8203CF6C /* Pods-photoViewer.release.xcconfig */,
				BAFE457CD474AE84B605ECF4 /* Pods-photoViewerTests.debug.xcconfig */,
				B5FB0A892A6A6644AFE78143 /* Pods-photoViewerTests.release.xcconfig */,
			);
			name = Pods;
			sourceTree = "<group>";
		};
		85696C9F4570E229F2F95928 /* Frameworks */ = {
			isa = PBXGroup;
			children = (
				C037A0003A1AE38CF01C736A /* Pods_photoViewer.framework */,
				F5E7A506FDCCB538389B8C67 /* Pods_photoViewerTests.framework */,
			);
			name = Frameworks;
			sourceTree = "<group>";
		};
/* End PBXGroup section */

/* Begin PBXNativeTarget section */
		07EBE128226466C8001480F8 /* photoViewer */ = {
			isa = PBXNativeTarget;
			buildConfigurationList = 07EBE146226466CA001480F8 /* Build configuration list for PBXNativeTarget "photoViewer" */;
			buildPhases = (
				AD3B04A867B4846274E528A3 /* [CP] Check Pods Manifest.lock */,
				07EBE14C2264683E001480F8 /* R.Swift */,
				07EBE125226466C8001480F8 /* Sources */,
				07EBE126226466C8001480F8 /* Frameworks */,
				07EBE127226466C8001480F8 /* Resources */,
				D1D8FC782F77088FAB548097 /* [CP] Embed Pods Frameworks */,
			);
			buildRules = (
			);
			dependencies = (
			);
			name = photoViewer;
			productName = photoViewer;
			productReference = 07EBE129226466C8001480F8 /* photoViewer.app */;
			productType = "com.apple.product-type.application";
		};
		07EBE13C226466C9001480F8 /* photoViewerTests */ = {
			isa = PBXNativeTarget;
			buildConfigurationList = 07EBE149226466CA001480F8 /* Build configuration list for PBXNativeTarget "photoViewerTests" */;
			buildPhases = (
				DCDDADE7EAFA734BBB2A3634 /* [CP] Check Pods Manifest.lock */,
				07EBE139226466C9001480F8 /* Sources */,
				07EBE13A226466C9001480F8 /* Frameworks */,
				07EBE13B226466C9001480F8 /* Resources */,
			);
			buildRules = (
			);
			dependencies = (
				07EBE13F226466C9001480F8 /* PBXTargetDependency */,
			);
			name = photoViewerTests;
			productName = photoViewerTests;
			productReference = 07EBE13D226466C9001480F8 /* photoViewerTests.xctest */;
			productType = "com.apple.product-type.bundle.unit-test";
		};
/* End PBXNativeTarget section */

/* Begin PBXProject section */
		07EBE121226466C8001480F8 /* Project object */ = {
			isa = PBXProject;
			attributes = {
				LastSwiftUpdateCheck = 1020;
				LastUpgradeCheck = 1020;
				ORGANIZATIONNAME = solocez;
				TargetAttributes = {
					07EBE128226466C8001480F8 = {
						CreatedOnToolsVersion = 10.2;
					};
					07EBE13C226466C9001480F8 = {
						CreatedOnToolsVersion = 10.2;
						TestTargetID = 07EBE128226466C8001480F8;
					};
				};
			};
			buildConfigurationList = 07EBE124226466C8001480F8 /* Build configuration list for PBXProject "photoViewer" */;
			compatibilityVersion = "Xcode 9.3";
			developmentRegion = en;
			hasScannedForEncodings = 0;
			knownRegions = (
				en,
				Base,
			);
			mainGroup = 07EBE120226466C8001480F8;
			productRefGroup = 07EBE12A226466C8001480F8 /* Products */;
			projectDirPath = "";
			projectRoot = "";
			targets = (
				07EBE128226466C8001480F8 /* photoViewer */,
				07EBE13C226466C9001480F8 /* photoViewerTests */,
			);
		};
/* End PBXProject section */

/* Begin PBXResourcesBuildPhase section */
		07EBE127226466C8001480F8 /* Resources */ = {
			isa = PBXResourcesBuildPhase;
			buildActionMask = 2147483647;
			files = (
				07EBE18C226468BA001480F8 /* Loc.strings in Resources */,
				07EBE1AA22647086001480F8 /* Loc.strings in Resources */,
				07EBE18D226468BA001480F8 /* LaunchScreen.storyboard in Resources */,
				07EBE1AB22647086001480F8 /* LaunchScreen.storyboard in Resources */,
				07EBE134226466C9001480F8 /* Assets.xcassets in Resources */,
			);
			runOnlyForDeploymentPostprocessing = 0;
		};
		07EBE13B226466C9001480F8 /* Resources */ = {
			isa = PBXResourcesBuildPhase;
			buildActionMask = 2147483647;
			files = (
			);
			runOnlyForDeploymentPostprocessing = 0;
		};
/* End PBXResourcesBuildPhase section */

/* Begin PBXShellScriptBuildPhase section */
		07EBE14C2264683E001480F8 /* R.Swift */ = {
			isa = PBXShellScriptBuildPhase;
			buildActionMask = 2147483647;
			files = (
			);
			inputFileListPaths = (
			);
			inputPaths = (
				"$TEMP_DIR/rswift-lastrun",
			);
			name = R.Swift;
			outputFileListPaths = (
			);
			outputPaths = (
				$SRCROOT/$PROJECT_NAME/R.generated.swift,
			);
			runOnlyForDeploymentPostprocessing = 0;
			shellPath = /bin/sh;
			shellScript = "# Type a script or drag a script file from your workspace to insert its path.\n\"$PODS_ROOT/R.swift/rswift\" generate \"$SRCROOT/$PROJECT_NAME/R.generated.swift\"\n";
		};
		AD3B04A867B4846274E528A3 /* [CP] Check Pods Manifest.lock */ = {
			isa = PBXShellScriptBuildPhase;
			buildActionMask = 2147483647;
			files = (
			);
			inputFileListPaths = (
			);
			inputPaths = (
				"${PODS_PODFILE_DIR_PATH}/Podfile.lock",
				"${PODS_ROOT}/Manifest.lock",
			);
			name = "[CP] Check Pods Manifest.lock";
			outputFileListPaths = (
			);
			outputPaths = (
				"$(DERIVED_FILE_DIR)/Pods-photoViewer-checkManifestLockResult.txt",
			);
			runOnlyForDeploymentPostprocessing = 0;
			shellPath = /bin/sh;
			shellScript = "diff \"${PODS_PODFILE_DIR_PATH}/Podfile.lock\" \"${PODS_ROOT}/Manifest.lock\" > /dev/null\nif [ $? != 0 ] ; then\n    # print error to STDERR\n    echo \"error: The sandbox is not in sync with the Podfile.lock. Run 'pod install' or update your CocoaPods installation.\" >&2\n    exit 1\nfi\n# This output is used by Xcode 'outputs' to avoid re-running this script phase.\necho \"SUCCESS\" > \"${SCRIPT_OUTPUT_FILE_0}\"\n";
			showEnvVarsInLog = 0;
		};
		D1D8FC782F77088FAB548097 /* [CP] Embed Pods Frameworks */ = {
			isa = PBXShellScriptBuildPhase;
			buildActionMask = 2147483647;
			files = (
			);
			inputFileListPaths = (
			);
			inputPaths = (
				"${SRCROOT}/Pods/Target Support Files/Pods-photoViewer/Pods-photoViewer-frameworks.sh",
				"${BUILT_PRODUCTS_DIR}/Alamofire/Alamofire.framework",
				"${BUILT_PRODUCTS_DIR}/AlamofireImage/AlamofireImage.framework",
				"${BUILT_PRODUCTS_DIR}/ObjcExceptionBridging/ObjcExceptionBridging.framework",
				"${BUILT_PRODUCTS_DIR}/R.swift.Library/Rswift.framework",
				"${BUILT_PRODUCTS_DIR}/RxCocoa/RxCocoa.framework",
				"${BUILT_PRODUCTS_DIR}/RxSwift/RxSwift.framework",
				"${BUILT_PRODUCTS_DIR}/RxSwiftExt/RxSwiftExt.framework",
				"${BUILT_PRODUCTS_DIR}/SnapKit/SnapKit.framework",
				"${BUILT_PRODUCTS_DIR}/XCGLogger/XCGLogger.framework",
			);
			name = "[CP] Embed Pods Frameworks";
			outputFileListPaths = (
			);
			outputPaths = (
				"${TARGET_BUILD_DIR}/${FRAMEWORKS_FOLDER_PATH}/Alamofire.framework",
				"${TARGET_BUILD_DIR}/${FRAMEWORKS_FOLDER_PATH}/AlamofireImage.framework",
				"${TARGET_BUILD_DIR}/${FRAMEWORKS_FOLDER_PATH}/ObjcExceptionBridging.framework",
				"${TARGET_BUILD_DIR}/${FRAMEWORKS_FOLDER_PATH}/Rswift.framework",
				"${TARGET_BUILD_DIR}/${FRAMEWORKS_FOLDER_PATH}/RxCocoa.framework",
				"${TARGET_BUILD_DIR}/${FRAMEWORKS_FOLDER_PATH}/RxSwift.framework",
				"${TARGET_BUILD_DIR}/${FRAMEWORKS_FOLDER_PATH}/RxSwiftExt.framework",
				"${TARGET_BUILD_DIR}/${FRAMEWORKS_FOLDER_PATH}/SnapKit.framework",
				"${TARGET_BUILD_DIR}/${FRAMEWORKS_FOLDER_PATH}/XCGLogger.framework",
			);
			runOnlyForDeploymentPostprocessing = 0;
			shellPath = /bin/sh;
			shellScript = "\"${SRCROOT}/Pods/Target Support Files/Pods-photoViewer/Pods-photoViewer-frameworks.sh\"\n";
			showEnvVarsInLog = 0;
		};
		DCDDADE7EAFA734BBB2A3634 /* [CP] Check Pods Manifest.lock */ = {
			isa = PBXShellScriptBuildPhase;
			buildActionMask = 2147483647;
			files = (
			);
			inputFileListPaths = (
			);
			inputPaths = (
				"${PODS_PODFILE_DIR_PATH}/Podfile.lock",
				"${PODS_ROOT}/Manifest.lock",
			);
			name = "[CP] Check Pods Manifest.lock";
			outputFileListPaths = (
			);
			outputPaths = (
				"$(DERIVED_FILE_DIR)/Pods-photoViewerTests-checkManifestLockResult.txt",
			);
			runOnlyForDeploymentPostprocessing = 0;
			shellPath = /bin/sh;
			shellScript = "diff \"${PODS_PODFILE_DIR_PATH}/Podfile.lock\" \"${PODS_ROOT}/Manifest.lock\" > /dev/null\nif [ $? != 0 ] ; then\n    # print error to STDERR\n    echo \"error: The sandbox is not in sync with the Podfile.lock. Run 'pod install' or update your CocoaPods installation.\" >&2\n    exit 1\nfi\n# This output is used by Xcode 'outputs' to avoid re-running this script phase.\necho \"SUCCESS\" > \"${SCRIPT_OUTPUT_FILE_0}\"\n";
			showEnvVarsInLog = 0;
		};
/* End PBXShellScriptBuildPhase section */

/* Begin PBXSourcesBuildPhase section */
		07EBE125226466C8001480F8 /* Sources */ = {
			isa = PBXSourcesBuildPhase;
			buildActionMask = 2147483647;
			files = (
				07EBE1C3226470C7001480F8 /* RESTManager.swift in Sources */,
				07EBE14E226468A1001480F8 /* AppCoordinator.swift in Sources */,
				07EBE1B6226470A4001480F8 /* ItemCell.swift in Sources */,
				07EBE166226468AC001480F8 /* AppError.swift in Sources */,
				07EBE1B8226470A4001480F8 /* PhotosListCoordinator.swift in Sources */,
				07EBE1D72264AB11001480F8 /* ItemCoordinator.swift in Sources */,
				07EBE1A522647072001480F8 /* BaseSettings.swift in Sources */,
				07EBE16C226468AC001480F8 /* BaseMVVMCoordinator.swift in Sources */,
				07EBE1C1226470C7001480F8 /* AppManagers.swift in Sources */,
				07EBE1C2226470C7001480F8 /* AppManagersConsumer.swift in Sources */,
				07EBE1C5226470DB001480F8 /* R.generated.swift in Sources */,
				07EBE1A622647072001480F8 /* Settings.swift in Sources */,
				07EBE16D226468AC001480F8 /* BaseMVVMTabViewController.swift in Sources */,
				07EBE12D226466C8001480F8 /* AppDelegate.swift in Sources */,
				07EBE1CA22648643001480F8 /* Photo.swift in Sources */,
				07EBE19F2264705D001480F8 /* URL+mv.swift in Sources */,
				07EBE1B7226470A4001480F8 /* PhotosListViewModel.swift in Sources */,
				07EBE16B226468AC001480F8 /* BaseMVVMViewModel.swift in Sources */,
				07EBE1A02264705D001480F8 /* UIViewController+mv.swift in Sources */,
				07EBE1B9226470A4001480F8 /* PhotosListViewController.swift in Sources */,
				07EBE165226468AC001480F8 /* MVVM.swift in Sources */,
				07EBE1D82264AB11001480F8 /* ItemViewModel.swift in Sources */,
				07EBE16A226468AC001480F8 /* BaseMVVMViewController.swift in Sources */,
				07EBE19D2264705D001480F8 /* XCGLogger+mv.swift in Sources */,
				07EBE1D62264AB11001480F8 /* ItemViewController.swift in Sources */,
			);
			runOnlyForDeploymentPostprocessing = 0;
		};
		07EBE139226466C9001480F8 /* Sources */ = {
			isa = PBXSourcesBuildPhase;
			buildActionMask = 2147483647;
			files = (
				07EBE19722646BC3001480F8 /* photoViewerXCTestCaseBase.swift in Sources */,
				07EBE142226466C9001480F8 /* photoViewerTests.swift in Sources */,
			);
			runOnlyForDeploymentPostprocessing = 0;
		};
/* End PBXSourcesBuildPhase section */

/* Begin PBXTargetDependency section */
		07EBE13F226466C9001480F8 /* PBXTargetDependency */ = {
			isa = PBXTargetDependency;
			target = 07EBE128226466C8001480F8 /* photoViewer */;
			targetProxy = 07EBE13E226466C9001480F8 /* PBXContainerItemProxy */;
		};
/* End PBXTargetDependency section */

/* Begin XCBuildConfiguration section */
		07EBE144226466CA001480F8 /* Debug */ = {
			isa = XCBuildConfiguration;
			buildSettings = {
				ALWAYS_SEARCH_USER_PATHS = NO;
				CLANG_ANALYZER_NONNULL = YES;
				CLANG_ANALYZER_NUMBER_OBJECT_CONVERSION = YES_AGGRESSIVE;
				CLANG_CXX_LANGUAGE_STANDARD = "gnu++14";
				CLANG_CXX_LIBRARY = "libc++";
				CLANG_ENABLE_MODULES = YES;
				CLANG_ENABLE_OBJC_ARC = YES;
				CLANG_ENABLE_OBJC_WEAK = YES;
				CLANG_WARN_BLOCK_CAPTURE_AUTORELEASING = YES;
				CLANG_WARN_BOOL_CONVERSION = YES;
				CLANG_WARN_COMMA = YES;
				CLANG_WARN_CONSTANT_CONVERSION = YES;
				CLANG_WARN_DEPRECATED_OBJC_IMPLEMENTATIONS = YES;
				CLANG_WARN_DIRECT_OBJC_ISA_USAGE = YES_ERROR;
				CLANG_WARN_DOCUMENTATION_COMMENTS = YES;
				CLANG_WARN_EMPTY_BODY = YES;
				CLANG_WARN_ENUM_CONVERSION = YES;
				CLANG_WARN_INFINITE_RECURSION = YES;
				CLANG_WARN_INT_CONVERSION = YES;
				CLANG_WARN_NON_LITERAL_NULL_CONVERSION = YES;
				CLANG_WARN_OBJC_IMPLICIT_RETAIN_SELF = YES;
				CLANG_WARN_OBJC_LITERAL_CONVERSION = YES;
				CLANG_WARN_OBJC_ROOT_CLASS = YES_ERROR;
				CLANG_WARN_RANGE_LOOP_ANALYSIS = YES;
				CLANG_WARN_STRICT_PROTOTYPES = YES;
				CLANG_WARN_SUSPICIOUS_MOVE = YES;
				CLANG_WARN_UNGUARDED_AVAILABILITY = YES_AGGRESSIVE;
				CLANG_WARN_UNREACHABLE_CODE = YES;
				CLANG_WARN__DUPLICATE_METHOD_MATCH = YES;
				CODE_SIGN_IDENTITY = "iPhone Developer";
				COPY_PHASE_STRIP = NO;
				DEBUG_INFORMATION_FORMAT = dwarf;
				ENABLE_STRICT_OBJC_MSGSEND = YES;
				ENABLE_TESTABILITY = YES;
				GCC_C_LANGUAGE_STANDARD = gnu11;
				GCC_DYNAMIC_NO_PIC = NO;
				GCC_NO_COMMON_BLOCKS = YES;
				GCC_OPTIMIZATION_LEVEL = 0;
				GCC_PREPROCESSOR_DEFINITIONS = (
					"DEBUG=1",
					"$(inherited)",
				);
				GCC_WARN_64_TO_32_BIT_CONVERSION = YES;
				GCC_WARN_ABOUT_RETURN_TYPE = YES_ERROR;
				GCC_WARN_UNDECLARED_SELECTOR = YES;
				GCC_WARN_UNINITIALIZED_AUTOS = YES_AGGRESSIVE;
				GCC_WARN_UNUSED_FUNCTION = YES;
				GCC_WARN_UNUSED_VARIABLE = YES;
				IPHONEOS_DEPLOYMENT_TARGET = 12.2;
				MTL_ENABLE_DEBUG_INFO = INCLUDE_SOURCE;
				MTL_FAST_MATH = YES;
				ONLY_ACTIVE_ARCH = YES;
				SDKROOT = iphoneos;
				SWIFT_ACTIVE_COMPILATION_CONDITIONS = DEBUG;
				SWIFT_OPTIMIZATION_LEVEL = "-Onone";
				SWIFT_VERSION = 4.2;
			};
			name = Debug;
		};
		07EBE145226466CA001480F8 /* Release */ = {
			isa = XCBuildConfiguration;
			buildSettings = {
				ALWAYS_SEARCH_USER_PATHS = NO;
				CLANG_ANALYZER_NONNULL = YES;
				CLANG_ANALYZER_NUMBER_OBJECT_CONVERSION = YES_AGGRESSIVE;
				CLANG_CXX_LANGUAGE_STANDARD = "gnu++14";
				CLANG_CXX_LIBRARY = "libc++";
				CLANG_ENABLE_MODULES = YES;
				CLANG_ENABLE_OBJC_ARC = YES;
				CLANG_ENABLE_OBJC_WEAK = YES;
				CLANG_WARN_BLOCK_CAPTURE_AUTORELEASING = YES;
				CLANG_WARN_BOOL_CONVERSION = YES;
				CLANG_WARN_COMMA = YES;
				CLANG_WARN_CONSTANT_CONVERSION = YES;
				CLANG_WARN_DEPRECATED_OBJC_IMPLEMENTATIONS = YES;
				CLANG_WARN_DIRECT_OBJC_ISA_USAGE = YES_ERROR;
				CLANG_WARN_DOCUMENTATION_COMMENTS = YES;
				CLANG_WARN_EMPTY_BODY = YES;
				CLANG_WARN_ENUM_CONVERSION = YES;
				CLANG_WARN_INFINITE_RECURSION = YES;
				CLANG_WARN_INT_CONVERSION = YES;
				CLANG_WARN_NON_LITERAL_NULL_CONVERSION = YES;
				CLANG_WARN_OBJC_IMPLICIT_RETAIN_SELF = YES;
				CLANG_WARN_OBJC_LITERAL_CONVERSION = YES;
				CLANG_WARN_OBJC_ROOT_CLASS = YES_ERROR;
				CLANG_WARN_RANGE_LOOP_ANALYSIS = YES;
				CLANG_WARN_STRICT_PROTOTYPES = YES;
				CLANG_WARN_SUSPICIOUS_MOVE = YES;
				CLANG_WARN_UNGUARDED_AVAILABILITY = YES_AGGRESSIVE;
				CLANG_WARN_UNREACHABLE_CODE = YES;
				CLANG_WARN__DUPLICATE_METHOD_MATCH = YES;
				CODE_SIGN_IDENTITY = "iPhone Developer";
				COPY_PHASE_STRIP = NO;
				DEBUG_INFORMATION_FORMAT = "dwarf-with-dsym";
				ENABLE_NS_ASSERTIONS = NO;
				ENABLE_STRICT_OBJC_MSGSEND = YES;
				GCC_C_LANGUAGE_STANDARD = gnu11;
				GCC_NO_COMMON_BLOCKS = YES;
				GCC_WARN_64_TO_32_BIT_CONVERSION = YES;
				GCC_WARN_ABOUT_RETURN_TYPE = YES_ERROR;
				GCC_WARN_UNDECLARED_SELECTOR = YES;
				GCC_WARN_UNINITIALIZED_AUTOS = YES_AGGRESSIVE;
				GCC_WARN_UNUSED_FUNCTION = YES;
				GCC_WARN_UNUSED_VARIABLE = YES;
				IPHONEOS_DEPLOYMENT_TARGET = 12.2;
				MTL_ENABLE_DEBUG_INFO = NO;
				MTL_FAST_MATH = YES;
				SDKROOT = iphoneos;
				SWIFT_COMPILATION_MODE = wholemodule;
				SWIFT_OPTIMIZATION_LEVEL = "-O";
				SWIFT_VERSION = 4.2;
				VALIDATE_PRODUCT = YES;
			};
			name = Release;
		};
		07EBE147226466CA001480F8 /* Debug */ = {
			isa = XCBuildConfiguration;
			baseConfigurationReference = C2CCC01B51CB2C1912774A96 /* Pods-photoViewer.debug.xcconfig */;
			buildSettings = {
				ASSETCATALOG_COMPILER_APPICON_NAME = AppIcon;
				CODE_SIGN_STYLE = Automatic;
				DEVELOPMENT_TEAM = 7T6W8PZZ9E;
				INFOPLIST_FILE = photoViewer/Info.plist;
				LD_RUNPATH_SEARCH_PATHS = (
					"$(inherited)",
					"@executable_path/Frameworks",
				);
				PRODUCT_BUNDLE_IDENTIFIER = com.solocez.photoviewer.photoViewer;
				PRODUCT_NAME = "$(TARGET_NAME)";
				SWIFT_VERSION = 4.2;
				TARGETED_DEVICE_FAMILY = "1,2";
			};
			name = Debug;
		};
		07EBE148226466CA001480F8 /* Release */ = {
			isa = XCBuildConfiguration;
			baseConfigurationReference = 050919FA1C33DEBC8203CF6C /* Pods-photoViewer.release.xcconfig */;
			buildSettings = {
				ASSETCATALOG_COMPILER_APPICON_NAME = AppIcon;
				CODE_SIGN_STYLE = Automatic;
				DEVELOPMENT_TEAM = 7T6W8PZZ9E;
				INFOPLIST_FILE = photoViewer/Info.plist;
				LD_RUNPATH_SEARCH_PATHS = (
					"$(inherited)",
					"@executable_path/Frameworks",
				);
				PRODUCT_BUNDLE_IDENTIFIER = com.solocez.photoviewer.photoViewer;
				PRODUCT_NAME = "$(TARGET_NAME)";
				SWIFT_VERSION = 4.2;
				TARGETED_DEVICE_FAMILY = "1,2";
			};
			name = Release;
		};
		07EBE14A226466CA001480F8 /* Debug */ = {
			isa = XCBuildConfiguration;
			baseConfigurationReference = BAFE457CD474AE84B605ECF4 /* Pods-photoViewerTests.debug.xcconfig */;
			buildSettings = {
				ALWAYS_EMBED_SWIFT_STANDARD_LIBRARIES = YES;
				BUNDLE_LOADER = "$(TEST_HOST)";
				CODE_SIGN_STYLE = Automatic;
				DEVELOPMENT_TEAM = 7T6W8PZZ9E;
				INFOPLIST_FILE = photoViewerTests/Info.plist;
				LD_RUNPATH_SEARCH_PATHS = (
					"$(inherited)",
					"@executable_path/Frameworks",
					"@loader_path/Frameworks",
				);
				PRODUCT_BUNDLE_IDENTIFIER = com.solocez.photoviewer.photoViewerTests;
				PRODUCT_NAME = "$(TARGET_NAME)";
				SWIFT_VERSION = 4.2;
				TARGETED_DEVICE_FAMILY = "1,2";
				TEST_HOST = "$(BUILT_PRODUCTS_DIR)/photoViewer.app/photoViewer";
			};
			name = Debug;
		};
		07EBE14B226466CA001480F8 /* Release */ = {
			isa = XCBuildConfiguration;
			baseConfigurationReference = B5FB0A892A6A6644AFE78143 /* Pods-photoViewerTests.release.xcconfig */;
			buildSettings = {
				ALWAYS_EMBED_SWIFT_STANDARD_LIBRARIES = YES;
				BUNDLE_LOADER = "$(TEST_HOST)";
				CODE_SIGN_STYLE = Automatic;
				DEVELOPMENT_TEAM = 7T6W8PZZ9E;
				INFOPLIST_FILE = photoViewerTests/Info.plist;
				LD_RUNPATH_SEARCH_PATHS = (
					"$(inherited)",
					"@executable_path/Frameworks",
					"@loader_path/Frameworks",
				);
				PRODUCT_BUNDLE_IDENTIFIER = com.solocez.photoviewer.photoViewerTests;
				PRODUCT_NAME = "$(TARGET_NAME)";
				SWIFT_VERSION = 4.2;
				TARGETED_DEVICE_FAMILY = "1,2";
				TEST_HOST = "$(BUILT_PRODUCTS_DIR)/photoViewer.app/photoViewer";
			};
			name = Release;
		};
/* End XCBuildConfiguration section */

/* Begin XCConfigurationList section */
		07EBE124226466C8001480F8 /* Build configuration list for PBXProject "photoViewer" */ = {
			isa = XCConfigurationList;
			buildConfigurations = (
				07EBE144226466CA001480F8 /* Debug */,
				07EBE145226466CA001480F8 /* Release */,
			);
			defaultConfigurationIsVisible = 0;
			defaultConfigurationName = Release;
		};
		07EBE146226466CA001480F8 /* Build configuration list for PBXNativeTarget "photoViewer" */ = {
			isa = XCConfigurationList;
			buildConfigurations = (
				07EBE147226466CA001480F8 /* Debug */,
				07EBE148226466CA001480F8 /* Release */,
			);
			defaultConfigurationIsVisible = 0;
			defaultConfigurationName = Release;
		};
		07EBE149226466CA001480F8 /* Build configuration list for PBXNativeTarget "photoViewerTests" */ = {
			isa = XCConfigurationList;
			buildConfigurations = (
				07EBE14A226466CA001480F8 /* Debug */,
				07EBE14B226466CA001480F8 /* Release */,
			);
			defaultConfigurationIsVisible = 0;
			defaultConfigurationName = Release;
		};
/* End XCConfigurationList section */
	};
	rootObject = 07EBE121226466C8001480F8 /* Project object */;
}
